{
  "name": "source-facts-semantic-search-engine",
  "version": "0.1.0",
  "lockfileVersion": 3,
  "requires": true,
  "packages": {
    "": {
      "name": "source-facts-semantic-search-engine",
      "version": "0.1.0",
      "dependencies": {
        "@deterministic-solutions/sej-runtime-query": "file:../sej-runtime-query",
        "@deterministic-solutions/semantic-kernel": "file:../semantic-kernel",
        "@deterministic-solutions/source-code-taxonomy-scanner": "file:../source-code-taxonomy-scanner",
        "@deterministic-solutions/workspace-file-system-governor": "file:../workspace-file-system-governor",
        "ajv": "^8.17.1",
        "playwright": "^1.48.0",
        "typescript": "^5.8.3",
        "webpage-classification-scanner": "file:../webpage-classification-scanner"
      },
      "bin": {
        "source-facts-se": "src/cli.js"
      },
      "engines": {
        "node": ">=20.0.0"
      }
    },
    "../sej-runtime-query": {
      "name": "@deterministic-solutions/sej-runtime-query",
      "version": "0.1.0",
      "license": "MIT",
      "dependencies": {
        "ajv": "^8.17.1"
      },
      "bin": {
        "q": "dist/doorways/cli/q.js"
      },
      "devDependencies": {
        "@deterministic-solutions/layout-shaper": "file:../layout-shaper",
        "@deterministic-solutions/semantic-kernel": "file:../semantic-kernel",
        "@types/node": "^20.19.0",
        "typescript": "^5.8.3"
      },
      "engines": {
        "node": ">=20.0.0"
      },
      "peerDependencies": {
        "@deterministic-solutions/layout-shaper": ">=0.1.0 <2.0.0",
        "@deterministic-solutions/semantic-kernel": ">=0.1.0 <2.0.0"
      }
    },
    "../semantic-kernel": {
      "name": "@deterministic-solutions/semantic-kernel",
      "version": "0.1.0",
      "license": "MIT",
      "bin": {
        "semantic-project": "dist/cli/project-code.js"
      },
      "devDependencies": {
        "@types/node": "^20.19.0",
        "typescript": "^5.8.3"
      },
      "engines": {
        "node": ">=20"
      }
    },
    "../source-code-taxonomy-scanner": {
      "version": "1.0.0",
      "dependencies": {
        "@deterministic-solutions/semantic-kernel": "file:../semantic-kernel"
      },
      "devDependencies": {
        "@types/node": "^20.19.0",
        "ajv": "^8.17.1",
        "typescript": "^5.8.3"
      },
      "engines": {
        "node": ">=20"
      }
    },
    "../webpage-classification-scanner": {
      "version": "0.1.0",
      "dependencies": {
        "@deterministic-solutions/semantic-kernel": "file:../semantic-kernel",
        "ajv": "^8.17.1",
        "generic-llm-connector": "file:../generic-llm-connector",
        "tsx": "^4.23.1"
      },
      "bin": {
        "webpage-scanner": "bin/webpage-scanner.mjs"
      },
      "devDependencies": {
        "@types/node": "^20.19.0",
        "typescript": "^5.8.3"
      },
      "engines": {
        "node": ">=20"
      }
    },
    "../workspace-file-system-governor": {
      "name": "@deterministic-solutions/workspace-file-system-governor",
      "version": "0.1.0",
      "license": "MIT",
      "dependencies": {
        "ajv": "^8.17.1",
        "commander": "^12.1.0",
        "minimatch": "^10.0.1"
      },
      "bin": {
        "workspace-fs": "dist/cli/workspace-fs.js"
      },
      "devDependencies": {
        "@types/node": "^20.14.0",
        "tsx": "^4.19.2",
        "typescript": "^5.6.3",
        "vitest": "^2.1.4"
      },
      "engines": {
        "node": ">=20.0.0"
      }
    },
    "node_modules/@deterministic-solutions/sej-runtime-query": {
      "resolved": "../sej-runtime-query",
      "link": true
    },
    "node_modules/@deterministic-solutions/semantic-kernel": {
      "resolved": "../semantic-kernel",
      "link": true
    },
    "node_modules/@deterministic-solutions/source-code-taxonomy-scanner": {
      "resolved": "../source-code-taxonomy-scanner",
      "link": true
    },
    "node_modules/@deterministic-solutions/workspace-file-system-governor": {
      "resolved": "../workspace-file-system-governor",
      "link": true
    },
    "node_modules/ajv": {
      "version": "8.20.0",
      "resolved": "https://registry.npmjs.org/ajv/-/ajv-8.20.0.tgz",
      "integrity": "sha512-Thbli+OlOj+iMPYFBVBfJ3OmCAnaSyNn4M1vz9T6Gka5Jt9ba/HIR56joy65tY6kx/FCF5VXNB819Y7/GUrBGA==",
      "license": "MIT",
      "dependencies": {
        "fast-deep-equal": "^3.1.3",
        "fast-uri": "^3.0.1",
        "json-schema-traverse": "^1.0.0",
        "require-from-string": "^2.0.2"
      },
      "funding": {
        "type": "github",
        "url": "https://github.com/sponsors/epoberezkin"
      }
    },
    "node_modules/fast-deep-equal": {
      "version": "3.1.3",
      "resolved": "https://registry.npmjs.org/fast-deep-equal/-/fast-deep-equal-3.1.3.tgz",
      "integrity": "sha512-f3qQ9oQy9j2AhBe/H9VC91wLmKBCCU/gDOnKNAYG5hswO7BLKj09Hc5HYNz9cGI++xlpDCIgDaitVs03ATR84Q==",
      "license": "MIT"
    },
    "node_modules/fast-uri": {
      "version": "3.1.5",
      "resolved": "https://registry.npmjs.org/fast-uri/-/fast-uri-3.1.5.tgz",
      "integrity": "sha512-gHwA1O9LDIcKunMKhObS/HimwtehO1nPUECKAu5TpKgaO19fcWEl4bliWe1jWxVFvIXztJjjQ4L8XQ1EU9f7Jw==",
      "funding": [
        {
          "type": "github",
          "url": "https://github.com/sponsors/fastify"
        },
        {
          "type": "opencollective",
          "url": "https://opencollective.com/fastify"
        }
      ],
      "license": "BSD-3-Clause"
    },
    "node_modules/fsevents": {
      "version": "2.3.2",
      "resolved": "https://registry.npmjs.org/fsevents/-/fsevents-2.3.2.tgz",
      "integrity": "sha512-xiqMQR4xAeHTuB9uWm+fFRcIOgKBMiOBP+eXiyT7jsgVCq1bkVygt00oASowB7EdtpOHaaPgKt812P9ab+DDKA==",
      "hasInstallScript": true,
      "license": "MIT",
      "optional": true,
      "os": [
        "darwin"
      ],
      "engines": {
        "node": "^8.16.0 || ^10.6.0 || >=11.0.0"
      }
    },
    "node_modules/json-schema-traverse": {
      "version": "1.0.0",
      "resolved": "https://registry.npmjs.org/json-schema-traverse/-/json-schema-traverse-1.0.0.tgz",
      "integrity": "sha512-NM8/P9n3XjXhIZn1lLhkFaACTOURQXjWhV4BA/RnOv8xvgqtqpAX9IO4mRQxSx1Rlo4tqzeqb0sOlruaOy3dug==",
      "license": "MIT"
    },
    "node_modules/playwright": {
      "version": "1.62.1",
      "resolved": "https://registry.npmjs.org/playwright/-/playwright-1.62.1.tgz",
      "integrity": "sha512-0M+L3LAD8/nm554LOla9Ayx0j0tmFZ0FBcoQ7F1VuVHpM/XpiC8RcDzBQB8W5+hA8L22THxELzeF+2WcUzvcLg==",
      "license": "Apache-2.0",
      "dependencies": {
        "playwright-core": "1.62.1"
      },
      "bin": {
        "playwright": "cli.js"
      },
      "engines": {
        "node": ">=20"
      },
      "optionalDependencies": {
        "fsevents": "2.3.2"
      }
    },
    "node_modules/playwright-core": {
      "version": "1.62.1",
      "resolved": "https://registry.npmjs.org/playwright-core/-/playwright-core-1.62.1.tgz",
      "integrity": "sha512-wPYSwEBJY9GHraISXqyqtx0na0LpO3XEX7jNDhntbex7tzUS7kLnZsOlFruFJB4Hi/rhDMjXGqHewDZ68nYZVw==",
      "license": "Apache-2.0",
      "bin": {
        "playwright-core": "cli.js"
      },
      "engines": {
        "node": ">=20"
      }
    },
    "node_modules/require-from-string": {
      "version": "2.0.2",
      "resolved": "https://registry.npmjs.org/require-from-string/-/require-from-string-2.0.2.tgz",
      "integrity": "sha512-Xf0nWe6RseziFMu+Ap9biiUbmplq6S9/p+7w7YXP/JBHhrUDDUhwa+vANyubuqfZWTveU//DYVGsDG7RKL/vEw==",
      "license": "MIT",
      "engines": {
        "node": ">=0.10.0"
      }
    },
    "node_modules/typescript": {
      "version": "5.9.3",
      "resolved": "https://registry.npmjs.org/typescript/-/typescript-5.9.3.tgz",
      "integrity": "sha512-jl1vZzPDinLr9eUt3J/t7V6FgNEw9QjvBPdysz9KfQDD41fQrC2Y4vKQdiaUpFT4bXlb1RHhLpp8wtm6M5TgSw==",
      "license": "Apache-2.0",
      "bin": {
        "tsc": "bin/tsc",
        "tsserver": "bin/tsserver"
      },
      "engines": {
        "node": ">=14.17"
      }
    },
    "node_modules/webpage-classification-scanner": {
      "resolved": "../webpage-classification-scanner",
      "link": true
    }
  }
}
